// !$*UTF8*$!
{
	archiveVersion = 1;
	classes = {
	};
	objectVersion = 50;
	objects = {

/* Begin PBXBuildFile section */
		BCD10EC8A347CFD40C4B621E /* Pods_SameDay.framework in Frameworks */ = {isa = PBXBuildFile; fileRef = 2BD9BEB5D674BAF39E4CF4FC /* Pods_SameDay.framework */; };
		EC0F530320E2F18C005D1C1D /* LoadAreas.swift in Sources */ = {isa = PBXBuildFile; fileRef = EC0F530220E2F18C005D1C1D /* LoadAreas.swift */; };
		EC68F42620D9892A007CD5BE /* Appointment.swift in Sources */ = {isa = PBXBuildFile; fileRef = EC68F42520D9892A007CD5BE /* Appointment.swift */; };
		EC68F42820D99456007CD5BE /* Keys.swift in Sources */ = {isa = PBXBuildFile; fileRef = EC68F42720D99456007CD5BE /* Keys.swift */; };
		EC68F42A20D9946A007CD5BE /* Employee.swift in Sources */ = {isa = PBXBuildFile; fileRef = EC68F42920D9946A007CD5BE /* Employee.swift */; };
		EC68F42C20D9B114007CD5BE /* LoadUser.swift in Sources */ = {isa = PBXBuildFile; fileRef = EC68F42B20D9B114007CD5BE /* LoadUser.swift */; };
		EC68F42F20D9B7F1007CD5BE /* Personal.storyboard in Resources */ = {isa = PBXBuildFile; fileRef = EC68F42E20D9B7F1007CD5BE /* Personal.storyboard */; };
		EC68F43120DB0060007CD5BE /* LoadAppointmentsForCurrentUser.swift in Sources */ = {isa = PBXBuildFile; fileRef = EC68F43020DB0060007CD5BE /* LoadAppointmentsForCurrentUser.swift */; };
		EC68F43320DB008B007CD5BE /* AppointmentNetworkAccess.swift in Sources */ = {isa = PBXBuildFile; fileRef = EC68F43220DB008B007CD5BE /* AppointmentNetworkAccess.swift */; };
		EC68F43720DD3EDB007CD5BE /* LoadUnassignedAppointments.swift in Sources */ = {isa = PBXBuildFile; fileRef = EC68F43620DD3EDB007CD5BE /* LoadUnassignedAppointments.swift */; };
		EC68F43920DD4A7E007CD5BE /* GeocodeAddress.swift in Sources */ = {isa = PBXBuildFile; fileRef = EC68F43820DD4A7E007CD5BE /* GeocodeAddress.swift */; };
		EC8F0A5C20B31D2D0042E486 /* AppDelegate.swift in Sources */ = {isa = PBXBuildFile; fileRef = EC8F0A5B20B31D2D0042E486 /* AppDelegate.swift */; };
		EC8F0A5E20B31D2D0042E486 /* MainViewController.swift in Sources */ = {isa = PBXBuildFile; fileRef = EC8F0A5D20B31D2D0042E486 /* MainViewController.swift */; };
		EC8F0A6120B31D2D0042E486 /* Main.storyboard in Resources */ = {isa = PBXBuildFile; fileRef = EC8F0A5F20B31D2D0042E486 /* Main.storyboard */; };
		EC8F0A6320B31D2E0042E486 /* Assets.xcassets in Resources */ = {isa = PBXBuildFile; fileRef = EC8F0A6220B31D2E0042E486 /* Assets.xcassets */; };
		EC8F0A6620B31D2E0042E486 /* LaunchScreen.storyboard in Resources */ = {isa = PBXBuildFile; fileRef = EC8F0A6420B31D2E0042E486 /* LaunchScreen.storyboard */; };
		EC95DEDF20B355CC0093C3B6 /* Reactor.swift in Sources */ = {isa = PBXBuildFile; fileRef = EC95DEDE20B355CC0093C3B6 /* Reactor.swift */; };
		EC95DEE120B3586F0093C3B6 /* AppState.swift in Sources */ = {isa = PBXBuildFile; fileRef = EC95DEE020B3586F0093C3B6 /* AppState.swift */; };
		EC95DEE320B4927B0093C3B6 /* Home.storyboard in Resources */ = {isa = PBXBuildFile; fileRef = EC95DEE220B4927B0093C3B6 /* Home.storyboard */; };
		EC95DEE520B4965D0093C3B6 /* UIColor+Extensions.swift in Sources */ = {isa = PBXBuildFile; fileRef = EC95DEE420B4965D0093C3B6 /* UIColor+Extensions.swift */; };
		EC95DEE720B49C0E0093C3B6 /* QueueManagementViewController.swift in Sources */ = {isa = PBXBuildFile; fileRef = EC95DEE620B49C0D0093C3B6 /* QueueManagementViewController.swift */; };
		EC95DEEC20B49DF40093C3B6 /* StoryboardInitializable.swift in Sources */ = {isa = PBXBuildFile; fileRef = EC95DEEB20B49DF40093C3B6 /* StoryboardInitializable.swift */; };
		EC95DEEE20B49E4D0093C3B6 /* HomeTabBarController.swift in Sources */ = {isa = PBXBuildFile; fileRef = EC95DEED20B49E4D0093C3B6 /* HomeTabBarController.swift */; };
		EC9A30AC20C9AD8400A975E1 /* Marshal.framework in Frameworks */ = {isa = PBXBuildFile; fileRef = EC9A30AB20C9AD8400A975E1 /* Marshal.framework */; };
		ECF63F7A20C71F5F001A8523 /* Job.swift in Sources */ = {isa = PBXBuildFile; fileRef = ECF63F7920C71F5F001A8523 /* Job.swift */; };
		ECF63F7C20C89B3E001A8523 /* UserNetworkAccess.swift in Sources */ = {isa = PBXBuildFile; fileRef = ECF63F7B20C89B3E001A8523 /* UserNetworkAccess.swift */; };
		ECF63F7E20C89C2E001A8523 /* Result.swift in Sources */ = {isa = PBXBuildFile; fileRef = ECF63F7D20C89C2E001A8523 /* Result.swift */; };
		ECF63F8120C8A16A001A8523 /* LoadEmployee.swift in Sources */ = {isa = PBXBuildFile; fileRef = ECF63F8020C8A16A001A8523 /* LoadEmployee.swift */; };
		ECFC3E7520B7305C005E192F /* QueueManagementDataSource.swift in Sources */ = {isa = PBXBuildFile; fileRef = ECFC3E7420B7305C005E192F /* QueueManagementDataSource.swift */; };
		ECFC3E7720B73098005E192F /* ReuseableView.swift in Sources */ = {isa = PBXBuildFile; fileRef = ECFC3E7620B73098005E192F /* ReuseableView.swift */; };
		ECFC3E7920B730D6005E192F /* UITableView+Extensions.swift in Sources */ = {isa = PBXBuildFile; fileRef = ECFC3E7820B730D6005E192F /* UITableView+Extensions.swift */; };
		ECFC3E7B20B73173005E192F /* CircleAvatarView.swift in Sources */ = {isa = PBXBuildFile; fileRef = ECFC3E7A20B73173005E192F /* CircleAvatarView.swift */; };
		ECFC3E7D20B73392005E192F /* UserCell.swift in Sources */ = {isa = PBXBuildFile; fileRef = ECFC3E7C20B73392005E192F /* UserCell.swift */; };
		ECFC3E7F20B737A1005E192F /* UserState.swift in Sources */ = {isa = PBXBuildFile; fileRef = ECFC3E7E20B737A1005E192F /* UserState.swift */; };
		ECFC3E8120B737FF005E192F /* GenericEvents.swift in Sources */ = {isa = PBXBuildFile; fileRef = ECFC3E8020B737FF005E192F /* GenericEvents.swift */; };
		ECFC3E8420B73816005E192F /* User.swift in Sources */ = {isa = PBXBuildFile; fileRef = ECFC3E8320B73816005E192F /* User.swift */; };
		ECFC3E8620B73875005E192F /* FakeArea.swift in Sources */ = {isa = PBXBuildFile; fileRef = ECFC3E8520B73875005E192F /* FakeArea.swift */; };
		ECFC3E8820B738DC005E192F /* Array+Extensions.swift in Sources */ = {isa = PBXBuildFile; fileRef = ECFC3E8720B738DC005E192F /* Array+Extensions.swift */; };
		ECFC3E8A20B7585E005E192F /* AreasViewController.swift in Sources */ = {isa = PBXBuildFile; fileRef = ECFC3E8920B7585E005E192F /* AreasViewController.swift */; };
		ECFC3E8C20B75F4C005E192F /* QueueState.swift in Sources */ = {isa = PBXBuildFile; fileRef = ECFC3E8B20B75F4C005E192F /* QueueState.swift */; };
		ECFC3E8E20B8619F005E192F /* NewAreaView.swift in Sources */ = {isa = PBXBuildFile; fileRef = ECFC3E8D20B8619F005E192F /* NewAreaView.swift */; };
		ECFC3E9220BDB2D6005E192F /* AreaInfoWindow.swift in Sources */ = {isa = PBXBuildFile; fileRef = ECFC3E9120BDB2D6005E192F /* AreaInfoWindow.swift */; };
		ECFC3E9420BDB8CE005E192F /* CustomInputAccessoryView.swift in Sources */ = {isa = PBXBuildFile; fileRef = ECFC3E9320BDB8CE005E192F /* CustomInputAccessoryView.swift */; };
		ECFC3E9620BDFC02005E192F /* GMSMarker+Extensions.swift in Sources */ = {isa = PBXBuildFile; fileRef = ECFC3E9520BDFC02005E192F /* GMSMarker+Extensions.swift */; };
		ECFC3E9820BF0A25005E192F /* PersonalScheduleViewController.swift in Sources */ = {isa = PBXBuildFile; fileRef = ECFC3E9720BF0A25005E192F /* PersonalScheduleViewController.swift */; };
		ECFC3E9A20BF6654005E192F /* Mappable.swift in Sources */ = {isa = PBXBuildFile; fileRef = ECFC3E9920BF6654005E192F /* Mappable.swift */; };
		ECFC3EBF20C0600E005E192F /* CalendarCell.swift in Sources */ = {isa = PBXBuildFile; fileRef = ECFC3EBE20C0600E005E192F /* CalendarCell.swift */; };
		ECFC3EC120C1F6D0005E192F /* PersonalScheduleState.swift in Sources */ = {isa = PBXBuildFile; fileRef = ECFC3EC020C1F6D0005E192F /* PersonalScheduleState.swift */; };
		ECFC3EC320C1F8EE005E192F /* PersonalScheduleDataSource.swift in Sources */ = {isa = PBXBuildFile; fileRef = ECFC3EC220C1F8EE005E192F /* PersonalScheduleDataSource.swift */; };
		ECFC3EC520C1F923005E192F /* JobCell.swift in Sources */ = {isa = PBXBuildFile; fileRef = ECFC3EC420C1F923005E192F /* JobCell.swift */; };
		ECFC3EC720C1FBC9005E192F /* Date+Extensions.swift in Sources */ = {isa = PBXBuildFile; fileRef = ECFC3EC620C1FBC9005E192F /* Date+Extensions.swift */; };
/* End PBXBuildFile section */

/* Begin PBXFileReference section */
		2BD9BEB5D674BAF39E4CF4FC /* Pods_SameDay.framework */ = {isa = PBXFileReference; explicitFileType = wrapper.framework; includeInIndex = 0; path = Pods_SameDay.framework; sourceTree = BUILT_PRODUCTS_DIR; };
		8C4514DAA56C1F232177ECA4 /* Pods-SameDay.release.xcconfig */ = {isa = PBXFileReference; includeInIndex = 1; lastKnownFileType = text.xcconfig; name = "Pods-SameDay.release.xcconfig"; path = "Pods/Target Support Files/Pods-SameDay/Pods-SameDay.release.xcconfig"; sourceTree = "<group>"; };
		EC0F530220E2F18C005D1C1D /* LoadAreas.swift */ = {isa = PBXFileReference; lastKnownFileType = sourcecode.swift; path = LoadAreas.swift; sourceTree = "<group>"; };
		EC68F42520D9892A007CD5BE /* Appointment.swift */ = {isa = PBXFileReference; lastKnownFileType = sourcecode.swift; path = Appointment.swift; sourceTree = "<group>"; };
		EC68F42720D99456007CD5BE /* Keys.swift */ = {isa = PBXFileReference; lastKnownFileType = sourcecode.swift; path = Keys.swift; sourceTree = "<group>"; };
		EC68F42920D9946A007CD5BE /* Employee.swift */ = {isa = PBXFileReference; lastKnownFileType = sourcecode.swift; path = Employee.swift; sourceTree = "<group>"; };
		EC68F42B20D9B114007CD5BE /* LoadUser.swift */ = {isa = PBXFileReference; lastKnownFileType = sourcecode.swift; path = LoadUser.swift; sourceTree = "<group>"; };
		EC68F42E20D9B7F1007CD5BE /* Personal.storyboard */ = {isa = PBXFileReference; lastKnownFileType = file.storyboard; path = Personal.storyboard; sourceTree = "<group>"; };
		EC68F43020DB0060007CD5BE /* LoadAppointmentsForCurrentUser.swift */ = {isa = PBXFileReference; lastKnownFileType = sourcecode.swift; path = LoadAppointmentsForCurrentUser.swift; sourceTree = "<group>"; };
		EC68F43220DB008B007CD5BE /* AppointmentNetworkAccess.swift */ = {isa = PBXFileReference; lastKnownFileType = sourcecode.swift; path = AppointmentNetworkAccess.swift; sourceTree = "<group>"; };
		EC68F43620DD3EDB007CD5BE /* LoadUnassignedAppointments.swift */ = {isa = PBXFileReference; lastKnownFileType = sourcecode.swift; path = LoadUnassignedAppointments.swift; sourceTree = "<group>"; };
		EC68F43820DD4A7E007CD5BE /* GeocodeAddress.swift */ = {isa = PBXFileReference; lastKnownFileType = sourcecode.swift; path = GeocodeAddress.swift; sourceTree = "<group>"; };
		EC8F0A5820B31D2D0042E486 /* SameDay.app */ = {isa = PBXFileReference; explicitFileType = wrapper.application; includeInIndex = 0; path = SameDay.app; sourceTree = BUILT_PRODUCTS_DIR; };
		EC8F0A5B20B31D2D0042E486 /* AppDelegate.swift */ = {isa = PBXFileReference; lastKnownFileType = sourcecode.swift; path = AppDelegate.swift; sourceTree = "<group>"; };
		EC8F0A5D20B31D2D0042E486 /* MainViewController.swift */ = {isa = PBXFileReference; lastKnownFileType = sourcecode.swift; path = MainViewController.swift; sourceTree = "<group>"; };
		EC8F0A6020B31D2D0042E486 /* Base */ = {isa = PBXFileReference; lastKnownFileType = file.storyboard; name = Base; path = Base.lproj/Main.storyboard; sourceTree = "<group>"; };
		EC8F0A6220B31D2E0042E486 /* Assets.xcassets */ = {isa = PBXFileReference; lastKnownFileType = folder.assetcatalog; path = Assets.xcassets; sourceTree = "<group>"; };
		EC8F0A6520B31D2E0042E486 /* Base */ = {isa = PBXFileReference; lastKnownFileType = file.storyboard; name = Base; path = Base.lproj/LaunchScreen.storyboard; sourceTree = "<group>"; };
		EC8F0A6720B31D2E0042E486 /* Info.plist */ = {isa = PBXFileReference; lastKnownFileType = text.plist.xml; path = Info.plist; sourceTree = "<group>"; };
		EC95DEDE20B355CC0093C3B6 /* Reactor.swift */ = {isa = PBXFileReference; fileEncoding = 4; lastKnownFileType = sourcecode.swift; path = Reactor.swift; sourceTree = "<group>"; };
		EC95DEE020B3586F0093C3B6 /* AppState.swift */ = {isa = PBXFileReference; lastKnownFileType = sourcecode.swift; path = AppState.swift; sourceTree = "<group>"; };
		EC95DEE220B4927B0093C3B6 /* Home.storyboard */ = {isa = PBXFileReference; lastKnownFileType = file.storyboard; path = Home.storyboard; sourceTree = "<group>"; };
		EC95DEE420B4965D0093C3B6 /* UIColor+Extensions.swift */ = {isa = PBXFileReference; lastKnownFileType = sourcecode.swift; path = "UIColor+Extensions.swift"; sourceTree = "<group>"; };
		EC95DEE620B49C0D0093C3B6 /* QueueManagementViewController.swift */ = {isa = PBXFileReference; lastKnownFileType = sourcecode.swift; path = QueueManagementViewController.swift; sourceTree = "<group>"; };
		EC95DEEB20B49DF40093C3B6 /* StoryboardInitializable.swift */ = {isa = PBXFileReference; lastKnownFileType = sourcecode.swift; path = StoryboardInitializable.swift; sourceTree = "<group>"; };
		EC95DEED20B49E4D0093C3B6 /* HomeTabBarController.swift */ = {isa = PBXFileReference; lastKnownFileType = sourcecode.swift; path = HomeTabBarController.swift; sourceTree = "<group>"; };
		EC9A30AB20C9AD8400A975E1 /* Marshal.framework */ = {isa = PBXFileReference; lastKnownFileType = wrapper.framework; name = Marshal.framework; path = Carthage/Build/iOS/Marshal.framework; sourceTree = "<group>"; };
		ECF63F7920C71F5F001A8523 /* Job.swift */ = {isa = PBXFileReference; lastKnownFileType = sourcecode.swift; path = Job.swift; sourceTree = "<group>"; };
		ECF63F7B20C89B3E001A8523 /* UserNetworkAccess.swift */ = {isa = PBXFileReference; lastKnownFileType = sourcecode.swift; path = UserNetworkAccess.swift; sourceTree = "<group>"; };
		ECF63F7D20C89C2E001A8523 /* Result.swift */ = {isa = PBXFileReference; lastKnownFileType = sourcecode.swift; path = Result.swift; sourceTree = "<group>"; };
		ECF63F8020C8A16A001A8523 /* LoadEmployee.swift */ = {isa = PBXFileReference; lastKnownFileType = sourcecode.swift; path = LoadEmployee.swift; sourceTree = "<group>"; };
		ECFC3E7420B7305C005E192F /* QueueManagementDataSource.swift */ = {isa = PBXFileReference; lastKnownFileType = sourcecode.swift; path = QueueManagementDataSource.swift; sourceTree = "<group>"; };
		ECFC3E7620B73098005E192F /* ReuseableView.swift */ = {isa = PBXFileReference; lastKnownFileType = sourcecode.swift; path = ReuseableView.swift; sourceTree = "<group>"; };
		ECFC3E7820B730D6005E192F /* UITableView+Extensions.swift */ = {isa = PBXFileReference; lastKnownFileType = sourcecode.swift; path = "UITableView+Extensions.swift"; sourceTree = "<group>"; };
		ECFC3E7A20B73173005E192F /* CircleAvatarView.swift */ = {isa = PBXFileReference; lastKnownFileType = sourcecode.swift; path = CircleAvatarView.swift; sourceTree = "<group>"; };
		ECFC3E7C20B73392005E192F /* UserCell.swift */ = {isa = PBXFileReference; lastKnownFileType = sourcecode.swift; path = UserCell.swift; sourceTree = "<group>"; };
		ECFC3E7E20B737A1005E192F /* UserState.swift */ = {isa = PBXFileReference; lastKnownFileType = sourcecode.swift; path = UserState.swift; sourceTree = "<group>"; };
		ECFC3E8020B737FF005E192F /* GenericEvents.swift */ = {isa = PBXFileReference; lastKnownFileType = sourcecode.swift; path = GenericEvents.swift; sourceTree = "<group>"; };
		ECFC3E8320B73816005E192F /* User.swift */ = {isa = PBXFileReference; lastKnownFileType = sourcecode.swift; path = User.swift; sourceTree = "<group>"; };
		ECFC3E8520B73875005E192F /* FakeArea.swift */ = {isa = PBXFileReference; lastKnownFileType = sourcecode.swift; path = FakeArea.swift; sourceTree = "<group>"; };
		ECFC3E8720B738DC005E192F /* Array+Extensions.swift */ = {isa = PBXFileReference; lastKnownFileType = sourcecode.swift; path = "Array+Extensions.swift"; sourceTree = "<group>"; };
		ECFC3E8920B7585E005E192F /* AreasViewController.swift */ = {isa = PBXFileReference; lastKnownFileType = sourcecode.swift; path = AreasViewController.swift; sourceTree = "<group>"; };
		ECFC3E8B20B75F4C005E192F /* QueueState.swift */ = {isa = PBXFileReference; lastKnownFileType = sourcecode.swift; path = QueueState.swift; sourceTree = "<group>"; };
		ECFC3E8D20B8619F005E192F /* NewAreaView.swift */ = {isa = PBXFileReference; lastKnownFileType = sourcecode.swift; path = NewAreaView.swift; sourceTree = "<group>"; };
		ECFC3E9120BDB2D6005E192F /* AreaInfoWindow.swift */ = {isa = PBXFileReference; lastKnownFileType = sourcecode.swift; path = AreaInfoWindow.swift; sourceTree = "<group>"; };
		ECFC3E9320BDB8CE005E192F /* CustomInputAccessoryView.swift */ = {isa = PBXFileReference; lastKnownFileType = sourcecode.swift; path = CustomInputAccessoryView.swift; sourceTree = "<group>"; };
		ECFC3E9520BDFC02005E192F /* GMSMarker+Extensions.swift */ = {isa = PBXFileReference; lastKnownFileType = sourcecode.swift; path = "GMSMarker+Extensions.swift"; sourceTree = "<group>"; };
		ECFC3E9720BF0A25005E192F /* PersonalScheduleViewController.swift */ = {isa = PBXFileReference; lastKnownFileType = sourcecode.swift; path = PersonalScheduleViewController.swift; sourceTree = "<group>"; };
		ECFC3E9920BF6654005E192F /* Mappable.swift */ = {isa = PBXFileReference; lastKnownFileType = sourcecode.swift; path = Mappable.swift; sourceTree = "<group>"; };
		ECFC3EBE20C0600E005E192F /* CalendarCell.swift */ = {isa = PBXFileReference; lastKnownFileType = sourcecode.swift; path = CalendarCell.swift; sourceTree = "<group>"; };
		ECFC3EC020C1F6D0005E192F /* PersonalScheduleState.swift */ = {isa = PBXFileReference; lastKnownFileType = sourcecode.swift; path = PersonalScheduleState.swift; sourceTree = "<group>"; };
		ECFC3EC220C1F8EE005E192F /* PersonalScheduleDataSource.swift */ = {isa = PBXFileReference; lastKnownFileType = sourcecode.swift; path = PersonalScheduleDataSource.swift; sourceTree = "<group>"; };
		ECFC3EC420C1F923005E192F /* JobCell.swift */ = {isa = PBXFileReference; lastKnownFileType = sourcecode.swift; path = JobCell.swift; sourceTree = "<group>"; };
		ECFC3EC620C1FBC9005E192F /* Date+Extensions.swift */ = {isa = PBXFileReference; lastKnownFileType = sourcecode.swift; path = "Date+Extensions.swift"; sourceTree = "<group>"; };
		FE5BC21D9ACEF9E9CD9BD2A3 /* Pods-SameDay.debug.xcconfig */ = {isa = PBXFileReference; includeInIndex = 1; lastKnownFileType = text.xcconfig; name = "Pods-SameDay.debug.xcconfig"; path = "Pods/Target Support Files/Pods-SameDay/Pods-SameDay.debug.xcconfig"; sourceTree = "<group>"; };
/* End PBXFileReference section */

/* Begin PBXFrameworksBuildPhase section */
		EC8F0A5520B31D2D0042E486 /* Frameworks */ = {
			isa = PBXFrameworksBuildPhase;
			buildActionMask = 2147483647;
			files = (
				BCD10EC8A347CFD40C4B621E /* Pods_SameDay.framework in Frameworks */,
				EC9A30AC20C9AD8400A975E1 /* Marshal.framework in Frameworks */,
			);
			runOnlyForDeploymentPostprocessing = 0;
		};
/* End PBXFrameworksBuildPhase section */

/* Begin PBXGroup section */
		A2CE802A17AD1F1F874511E8 /* Frameworks */ = {
			isa = PBXGroup;
			children = (
				EC9A30AB20C9AD8400A975E1 /* Marshal.framework */,
				2BD9BEB5D674BAF39E4CF4FC /* Pods_SameDay.framework */,
			);
			name = Frameworks;
			sourceTree = "<group>";
		};
		EC68F42D20D9B7CF007CD5BE /* Personal */ = {
			isa = PBXGroup;
			children = (
				EC68F42E20D9B7F1007CD5BE /* Personal.storyboard */,
				ECFC3E9720BF0A25005E192F /* PersonalScheduleViewController.swift */,
				ECFC3EC220C1F8EE005E192F /* PersonalScheduleDataSource.swift */,
				ECFC3EBE20C0600E005E192F /* CalendarCell.swift */,
				ECFC3EC420C1F923005E192F /* JobCell.swift */,
			);
			path = Personal;
			sourceTree = "<group>";
		};
		EC68F43420DB04D0007CD5BE /* User */ = {
			isa = PBXGroup;
			children = (
				ECFC3E8320B73816005E192F /* User.swift */,
				ECF63F7B20C89B3E001A8523 /* UserNetworkAccess.swift */,
				EC68F42920D9946A007CD5BE /* Employee.swift */,
			);
			path = User;
			sourceTree = "<group>";
		};
		EC68F43520DB04DE007CD5BE /* Appointments */ = {
			isa = PBXGroup;
			children = (
				EC68F43220DB008B007CD5BE /* AppointmentNetworkAccess.swift */,
				ECF63F7920C71F5F001A8523 /* Job.swift */,
				EC68F42520D9892A007CD5BE /* Appointment.swift */,
			);
			path = Appointments;
			sourceTree = "<group>";
		};
		EC8F0A4F20B31D2D0042E486 = {
			isa = PBXGroup;
			children = (
				EC8F0A5A20B31D2D0042E486 /* SameDay */,
				EC8F0A5920B31D2D0042E486 /* Products */,
				EFD5D0DCAA7121AE12A802E6 /* Pods */,
				A2CE802A17AD1F1F874511E8 /* Frameworks */,
			);
			sourceTree = "<group>";
		};
		EC8F0A5920B31D2D0042E486 /* Products */ = {
			isa = PBXGroup;
			children = (
				EC8F0A5820B31D2D0042E486 /* SameDay.app */,
			);
			name = Products;
			sourceTree = "<group>";
		};
		EC8F0A5A20B31D2D0042E486 /* SameDay */ = {
			isa = PBXGroup;
			children = (
				EC8F0A5B20B31D2D0042E486 /* AppDelegate.swift */,
				EC95DEE920B49C260093C3B6 /* State */,
				EC95DEE820B49C1E0093C3B6 /* UI */,
				ECF63F7F20C8A157001A8523 /* Commands */,
				ECFC3E8220B7380A005E192F /* Data */,
				EC95DEEA20B49C2E0093C3B6 /* Infrastructure */,
				EC8F0A6220B31D2E0042E486 /* Assets.xcassets */,
				EC8F0A6420B31D2E0042E486 /* LaunchScreen.storyboard */,
				EC8F0A6720B31D2E0042E486 /* Info.plist */,
			);
			path = SameDay;
			sourceTree = "<group>";
		};
		EC95DEE820B49C1E0093C3B6 /* UI */ = {
			isa = PBXGroup;
			children = (
				EC8F0A5F20B31D2D0042E486 /* Main.storyboard */,
				EC8F0A5D20B31D2D0042E486 /* MainViewController.swift */,
				EC95DEE220B4927B0093C3B6 /* Home.storyboard */,
				EC95DEED20B49E4D0093C3B6 /* HomeTabBarController.swift */,
				EC68F42D20D9B7CF007CD5BE /* Personal */,
				ECFC3E9020B87953005E192F /* Common */,
				ECFC3E8F20B8793A005E192F /* Queue Management */,
			);
			path = UI;
			sourceTree = "<group>";
		};
		EC95DEE920B49C260093C3B6 /* State */ = {
			isa = PBXGroup;
			children = (
				EC95DEE020B3586F0093C3B6 /* AppState.swift */,
				ECFC3E7E20B737A1005E192F /* UserState.swift */,
				ECFC3E8B20B75F4C005E192F /* QueueState.swift */,
				ECFC3EC020C1F6D0005E192F /* PersonalScheduleState.swift */,
				ECFC3E8020B737FF005E192F /* GenericEvents.swift */,
			);
			path = State;
			sourceTree = "<group>";
		};
		EC95DEEA20B49C2E0093C3B6 /* Infrastructure */ = {
			isa = PBXGroup;
			children = (
				ECFC3E9920BF6654005E192F /* Mappable.swift */,
				EC68F42720D99456007CD5BE /* Keys.swift */,
				EC95DEDE20B355CC0093C3B6 /* Reactor.swift */,
				EC95DEEB20B49DF40093C3B6 /* StoryboardInitializable.swift */,
				EC95DEE420B4965D0093C3B6 /* UIColor+Extensions.swift */,
				ECFC3EC620C1FBC9005E192F /* Date+Extensions.swift */,
				ECFC3E7620B73098005E192F /* ReuseableView.swift */,
				ECFC3E7820B730D6005E192F /* UITableView+Extensions.swift */,
				ECFC3E8720B738DC005E192F /* Array+Extensions.swift */,
				ECFC3E9520BDFC02005E192F /* GMSMarker+Extensions.swift */,
			);
			path = Infrastructure;
			sourceTree = "<group>";
		};
		ECF63F7F20C8A157001A8523 /* Commands */ = {
			isa = PBXGroup;
			children = (
				ECF63F8020C8A16A001A8523 /* LoadEmployee.swift */,
				EC68F42B20D9B114007CD5BE /* LoadUser.swift */,
				EC68F43020DB0060007CD5BE /* LoadAppointmentsForCurrentUser.swift */,
				EC0F530220E2F18C005D1C1D /* LoadAreas.swift */,
				EC68F43620DD3EDB007CD5BE /* LoadUnassignedAppointments.swift */,
				EC68F43820DD4A7E007CD5BE /* GeocodeAddress.swift */,
			);
			path = Commands;
			sourceTree = "<group>";
		};
		ECFC3E8220B7380A005E192F /* Data */ = {
			isa = PBXGroup;
			children = (
				EC68F43420DB04D0007CD5BE /* User */,
				EC68F43520DB04DE007CD5BE /* Appointments */,
				ECF63F7D20C89C2E001A8523 /* Result.swift */,
				ECFC3E8520B73875005E192F /* FakeArea.swift */,
			);
			path = Data;
			sourceTree = "<group>";
		};
		ECFC3E8F20B8793A005E192F /* Queue Management */ = {
			isa = PBXGroup;
			children = (
				EC95DEE620B49C0D0093C3B6 /* QueueManagementViewController.swift */,
				ECFC3E7420B7305C005E192F /* QueueManagementDataSource.swift */,
				ECFC3E8920B7585E005E192F /* AreasViewController.swift */,
				ECFC3E8D20B8619F005E192F /* NewAreaView.swift */,
				ECFC3E9120BDB2D6005E192F /* AreaInfoWindow.swift */,
				ECFC3E7C20B73392005E192F /* UserCell.swift */,
			);
			path = "Queue Management";
			sourceTree = "<group>";
		};
		ECFC3E9020B87953005E192F /* Common */ = {
			isa = PBXGroup;
			children = (
				ECFC3E7A20B73173005E192F /* CircleAvatarView.swift */,
				ECFC3E9320BDB8CE005E192F /* CustomInputAccessoryView.swift */,
			);
			path = Common;
			sourceTree = "<group>";
		};
		EFD5D0DCAA7121AE12A802E6 /* Pods */ = {
			isa = PBXGroup;
			children = (
				FE5BC21D9ACEF9E9CD9BD2A3 /* Pods-SameDay.debug.xcconfig */,
				8C4514DAA56C1F232177ECA4 /* Pods-SameDay.release.xcconfig */,
			);
			name = Pods;
			sourceTree = "<group>";
		};
/* End PBXGroup section */

/* Begin PBXNativeTarget section */
		EC8F0A5720B31D2D0042E486 /* SameDay */ = {
			isa = PBXNativeTarget;
			buildConfigurationList = EC8F0A6A20B31D2E0042E486 /* Build configuration list for PBXNativeTarget "SameDay" */;
			buildPhases = (
				8083168EBF50C596B8392D01 /* [CP] Check Pods Manifest.lock */,
				EC8F0A5420B31D2D0042E486 /* Sources */,
				EC8F0A5520B31D2D0042E486 /* Frameworks */,
				EC8F0A5620B31D2D0042E486 /* Resources */,
				04A68FDCD0A4B568C2B36B71 /* [CP] Embed Pods Frameworks */,
				B834D91DA5758E26C70D589E /* [CP] Copy Pods Resources */,
				EC9A30AA20C9ACEF00A975E1 /* ShellScript */,
			);
			buildRules = (
			);
			dependencies = (
			);
			name = SameDay;
			productName = SameDay;
			productReference = EC8F0A5820B31D2D0042E486 /* SameDay.app */;
			productType = "com.apple.product-type.application";
		};
/* End PBXNativeTarget section */

/* Begin PBXProject section */
		EC8F0A5020B31D2D0042E486 /* Project object */ = {
			isa = PBXProject;
			attributes = {
				LastSwiftUpdateCheck = 0930;
				LastUpgradeCheck = 0930;
				ORGANIZATIONNAME = AppJester;
				TargetAttributes = {
					EC8F0A5720B31D2D0042E486 = {
						CreatedOnToolsVersion = 9.3.1;
					};
				};
			};
			buildConfigurationList = EC8F0A5320B31D2D0042E486 /* Build configuration list for PBXProject "SameDay" */;
			compatibilityVersion = "Xcode 9.3";
			developmentRegion = en;
			hasScannedForEncodings = 0;
			knownRegions = (
				en,
				Base,
			);
			mainGroup = EC8F0A4F20B31D2D0042E486;
			productRefGroup = EC8F0A5920B31D2D0042E486 /* Products */;
			projectDirPath = "";
			projectRoot = "";
			targets = (
				EC8F0A5720B31D2D0042E486 /* SameDay */,
			);
		};
/* End PBXProject section */

/* Begin PBXResourcesBuildPhase section */
		EC8F0A5620B31D2D0042E486 /* Resources */ = {
			isa = PBXResourcesBuildPhase;
			buildActionMask = 2147483647;
			files = (
				EC8F0A6620B31D2E0042E486 /* LaunchScreen.storyboard in Resources */,
				EC68F42F20D9B7F1007CD5BE /* Personal.storyboard in Resources */,
				EC8F0A6320B31D2E0042E486 /* Assets.xcassets in Resources */,
				EC8F0A6120B31D2D0042E486 /* Main.storyboard in Resources */,
				EC95DEE320B4927B0093C3B6 /* Home.storyboard in Resources */,
			);
			runOnlyForDeploymentPostprocessing = 0;
		};
/* End PBXResourcesBuildPhase section */

/* Begin PBXShellScriptBuildPhase section */
		04A68FDCD0A4B568C2B36B71 /* [CP] Embed Pods Frameworks */ = {
			isa = PBXShellScriptBuildPhase;
			buildActionMask = 2147483647;
			files = (
			);
			inputPaths = (
				"${SRCROOT}/Pods/Target Support Files/Pods-SameDay/Pods-SameDay-frameworks.sh",
				"${BUILT_PRODUCTS_DIR}/Alamofire/Alamofire.framework",
				"${BUILT_PRODUCTS_DIR}/JTAppleCalendar/JTAppleCalendar.framework",
			);
			name = "[CP] Embed Pods Frameworks";
			outputPaths = (
				"${TARGET_BUILD_DIR}/${FRAMEWORKS_FOLDER_PATH}/Alamofire.framework",
				"${TARGET_BUILD_DIR}/${FRAMEWORKS_FOLDER_PATH}/JTAppleCalendar.framework",
			);
			runOnlyForDeploymentPostprocessing = 0;
			shellPath = /bin/sh;
			shellScript = "\"${SRCROOT}/Pods/Target Support Files/Pods-SameDay/Pods-SameDay-frameworks.sh\"\n";
			showEnvVarsInLog = 0;
		};
		8083168EBF50C596B8392D01 /* [CP] Check Pods Manifest.lock */ = {
			isa = PBXShellScriptBuildPhase;
			buildActionMask = 2147483647;
			files = (
			);
			inputPaths = (
				"${PODS_PODFILE_DIR_PATH}/Podfile.lock",
				"${PODS_ROOT}/Manifest.lock",
			);
			name = "[CP] Check Pods Manifest.lock";
			outputPaths = (
				"$(DERIVED_FILE_DIR)/Pods-SameDay-checkManifestLockResult.txt",
			);
			runOnlyForDeploymentPostprocessing = 0;
			shellPath = /bin/sh;
			shellScript = "diff \"${PODS_PODFILE_DIR_PATH}/Podfile.lock\" \"${PODS_ROOT}/Manifest.lock\" > /dev/null\nif [ $? != 0 ] ; then\n    # print error to STDERR\n    echo \"error: The sandbox is not in sync with the Podfile.lock. Run 'pod install' or update your CocoaPods installation.\" >&2\n    exit 1\nfi\n# This output is used by Xcode 'outputs' to avoid re-running this script phase.\necho \"SUCCESS\" > \"${SCRIPT_OUTPUT_FILE_0}\"\n";
			showEnvVarsInLog = 0;
		};
		B834D91DA5758E26C70D589E /* [CP] Copy Pods Resources */ = {
			isa = PBXShellScriptBuildPhase;
			buildActionMask = 2147483647;
			files = (
			);
			inputPaths = (
				"${SRCROOT}/Pods/Target Support Files/Pods-SameDay/Pods-SameDay-resources.sh",
				"${PODS_ROOT}/GoogleMaps/Maps/Frameworks/GoogleMaps.framework/Resources/GoogleMaps.bundle",
				"${PODS_ROOT}/GooglePlaces/Frameworks/GooglePlaces.framework/Resources/GooglePlaces.bundle",
			);
			name = "[CP] Copy Pods Resources";
			outputPaths = (
				"${TARGET_BUILD_DIR}/${UNLOCALIZED_RESOURCES_FOLDER_PATH}/GoogleMaps.bundle",
				"${TARGET_BUILD_DIR}/${UNLOCALIZED_RESOURCES_FOLDER_PATH}/GooglePlaces.bundle",
			);
			runOnlyForDeploymentPostprocessing = 0;
			shellPath = /bin/sh;
			shellScript = "\"${SRCROOT}/Pods/Target Support Files/Pods-SameDay/Pods-SameDay-resources.sh\"\n";
			showEnvVarsInLog = 0;
		};
		EC9A30AA20C9ACEF00A975E1 /* ShellScript */ = {
			isa = PBXShellScriptBuildPhase;
			buildActionMask = 2147483647;
			files = (
			);
			inputPaths = (
				"$(SRCROOT)/Carthage/Build/iOS/Marshal.framework",
			);
			outputPaths = (
			);
			runOnlyForDeploymentPostprocessing = 0;
			shellPath = /bin/sh;
			shellScript = "/usr/local/bin/carthage copy-frameworks";
		};
/* End PBXShellScriptBuildPhase section */

/* Begin PBXSourcesBuildPhase section */
		EC8F0A5420B31D2D0042E486 /* Sources */ = {
			isa = PBXSourcesBuildPhase;
			buildActionMask = 2147483647;
			files = (
				EC95DEEC20B49DF40093C3B6 /* StoryboardInitializable.swift in Sources */,
				ECFC3EC520C1F923005E192F /* JobCell.swift in Sources */,
				ECFC3E8820B738DC005E192F /* Array+Extensions.swift in Sources */,
				EC68F43120DB0060007CD5BE /* LoadAppointmentsForCurrentUser.swift in Sources */,
				EC68F42620D9892A007CD5BE /* Appointment.swift in Sources */,
				ECFC3E7D20B73392005E192F /* UserCell.swift in Sources */,
				EC68F43320DB008B007CD5BE /* AppointmentNetworkAccess.swift in Sources */,
				EC68F43920DD4A7E007CD5BE /* GeocodeAddress.swift in Sources */,
				ECFC3E8A20B7585E005E192F /* AreasViewController.swift in Sources */,
				ECFC3E7B20B73173005E192F /* CircleAvatarView.swift in Sources */,
				EC68F42A20D9946A007CD5BE /* Employee.swift in Sources */,
				EC8F0A5E20B31D2D0042E486 /* MainViewController.swift in Sources */,
				ECFC3E8420B73816005E192F /* User.swift in Sources */,
				ECFC3E9A20BF6654005E192F /* Mappable.swift in Sources */,
				EC0F530320E2F18C005D1C1D /* LoadAreas.swift in Sources */,
				ECFC3EC720C1FBC9005E192F /* Date+Extensions.swift in Sources */,
				EC95DEE520B4965D0093C3B6 /* UIColor+Extensions.swift in Sources */,
				EC95DEDF20B355CC0093C3B6 /* Reactor.swift in Sources */,
				ECFC3E9620BDFC02005E192F /* GMSMarker+Extensions.swift in Sources */,
				ECFC3E8C20B75F4C005E192F /* QueueState.swift in Sources */,
				ECF63F7E20C89C2E001A8523 /* Result.swift in Sources */,
				ECF63F8120C8A16A001A8523 /* LoadEmployee.swift in Sources */,
				EC8F0A5C20B31D2D0042E486 /* AppDelegate.swift in Sources */,
				EC95DEE120B3586F0093C3B6 /* AppState.swift in Sources */,
				EC95DEEE20B49E4D0093C3B6 /* HomeTabBarController.swift in Sources */,
				ECF63F7C20C89B3E001A8523 /* UserNetworkAccess.swift in Sources */,
				ECFC3E8E20B8619F005E192F /* NewAreaView.swift in Sources */,
				ECFC3E9420BDB8CE005E192F /* CustomInputAccessoryView.swift in Sources */,
				ECFC3EBF20C0600E005E192F /* CalendarCell.swift in Sources */,
				ECFC3E9220BDB2D6005E192F /* AreaInfoWindow.swift in Sources */,
				ECFC3EC320C1F8EE005E192F /* PersonalScheduleDataSource.swift in Sources */,
				ECFC3E7920B730D6005E192F /* UITableView+Extensions.swift in Sources */,
				ECFC3EC120C1F6D0005E192F /* PersonalScheduleState.swift in Sources */,
				ECFC3E8620B73875005E192F /* FakeArea.swift in Sources */,
				ECFC3E7720B73098005E192F /* ReuseableView.swift in Sources */,
				EC95DEE720B49C0E0093C3B6 /* QueueManagementViewController.swift in Sources */,
				ECFC3E7F20B737A1005E192F /* UserState.swift in Sources */,
				ECFC3E8120B737FF005E192F /* GenericEvents.swift in Sources */,
				EC68F43720DD3EDB007CD5BE /* LoadUnassignedAppointments.swift in Sources */,
				ECFC3E7520B7305C005E192F /* QueueManagementDataSource.swift in Sources */,
				EC68F42820D99456007CD5BE /* Keys.swift in Sources */,
				ECFC3E9820BF0A25005E192F /* PersonalScheduleViewController.swift in Sources */,
				ECF63F7A20C71F5F001A8523 /* Job.swift in Sources */,
				EC68F42C20D9B114007CD5BE /* LoadUser.swift in Sources */,
			);
			runOnlyForDeploymentPostprocessing = 0;
		};
/* End PBXSourcesBuildPhase section */

/* Begin PBXVariantGroup section */
		EC8F0A5F20B31D2D0042E486 /* Main.storyboard */ = {
			isa = PBXVariantGroup;
			children = (
				EC8F0A6020B31D2D0042E486 /* Base */,
			);
			name = Main.storyboard;
			sourceTree = "<group>";
		};
		EC8F0A6420B31D2E0042E486 /* LaunchScreen.storyboard */ = {
			isa = PBXVariantGroup;
			children = (
				EC8F0A6520B31D2E0042E486 /* Base */,
			);
			name = LaunchScreen.storyboard;
			sourceTree = "<group>";
		};
/* End PBXVariantGroup section */

/* Begin XCBuildConfiguration section */
		EC8F0A6820B31D2E0042E486 /* Debug */ = {
			isa = XCBuildConfiguration;
			buildSettings = {
				ALWAYS_SEARCH_USER_PATHS = NO;
				CLANG_ANALYZER_NONNULL = YES;
				CLANG_ANALYZER_NUMBER_OBJECT_CONVERSION = YES_AGGRESSIVE;
				CLANG_CXX_LANGUAGE_STANDARD = "gnu++14";
				CLANG_CXX_LIBRARY = "libc++";
				CLANG_ENABLE_MODULES = YES;
				CLANG_ENABLE_OBJC_ARC = YES;
				CLANG_ENABLE_OBJC_WEAK = YES;
				CLANG_WARN_BLOCK_CAPTURE_AUTORELEASING = YES;
				CLANG_WARN_BOOL_CONVERSION = YES;
				CLANG_WARN_COMMA = YES;
				CLANG_WARN_CONSTANT_CONVERSION = YES;
				CLANG_WARN_DEPRECATED_OBJC_IMPLEMENTATIONS = YES;
				CLANG_WARN_DIRECT_OBJC_ISA_USAGE = YES_ERROR;
				CLANG_WARN_DOCUMENTATION_COMMENTS = YES;
				CLANG_WARN_EMPTY_BODY = YES;
				CLANG_WARN_ENUM_CONVERSION = YES;
				CLANG_WARN_INFINITE_RECURSION = YES;
				CLANG_WARN_INT_CONVERSION = YES;
				CLANG_WARN_NON_LITERAL_NULL_CONVERSION = YES;
				CLANG_WARN_OBJC_IMPLICIT_RETAIN_SELF = YES;
				CLANG_WARN_OBJC_LITERAL_CONVERSION = YES;
				CLANG_WARN_OBJC_ROOT_CLASS = YES_ERROR;
				CLANG_WARN_RANGE_LOOP_ANALYSIS = YES;
				CLANG_WARN_STRICT_PROTOTYPES = YES;
				CLANG_WARN_SUSPICIOUS_MOVE = YES;
				CLANG_WARN_UNGUARDED_AVAILABILITY = YES_AGGRESSIVE;
				CLANG_WARN_UNREACHABLE_CODE = YES;
				CLANG_WARN__DUPLICATE_METHOD_MATCH = YES;
				CODE_SIGN_IDENTITY = "iPhone Developer";
				COPY_PHASE_STRIP = NO;
				DEBUG_INFORMATION_FORMAT = dwarf;
				ENABLE_STRICT_OBJC_MSGSEND = YES;
				ENABLE_TESTABILITY = YES;
				GCC_C_LANGUAGE_STANDARD = gnu11;
				GCC_DYNAMIC_NO_PIC = NO;
				GCC_NO_COMMON_BLOCKS = YES;
				GCC_OPTIMIZATION_LEVEL = 0;
				GCC_PREPROCESSOR_DEFINITIONS = (
					"DEBUG=1",
					"$(inherited)",
				);
				GCC_WARN_64_TO_32_BIT_CONVERSION = YES;
				GCC_WARN_ABOUT_RETURN_TYPE = YES_ERROR;
				GCC_WARN_UNDECLARED_SELECTOR = YES;
				GCC_WARN_UNINITIALIZED_AUTOS = YES_AGGRESSIVE;
				GCC_WARN_UNUSED_FUNCTION = YES;
				GCC_WARN_UNUSED_VARIABLE = YES;
				IPHONEOS_DEPLOYMENT_TARGET = 11.3;
				MTL_ENABLE_DEBUG_INFO = YES;
				ONLY_ACTIVE_ARCH = YES;
				SDKROOT = iphoneos;
				SWIFT_ACTIVE_COMPILATION_CONDITIONS = DEBUG;
				SWIFT_OPTIMIZATION_LEVEL = "-Onone";
			};
			name = Debug;
		};
		EC8F0A6920B31D2E0042E486 /* Release */ = {
			isa = XCBuildConfiguration;
			buildSettings = {
				ALWAYS_SEARCH_USER_PATHS = NO;
				CLANG_ANALYZER_NONNULL = YES;
				CLANG_ANALYZER_NUMBER_OBJECT_CONVERSION = YES_AGGRESSIVE;
				CLANG_CXX_LANGUAGE_STANDARD = "gnu++14";
				CLANG_CXX_LIBRARY = "libc++";
				CLANG_ENABLE_MODULES = YES;
				CLANG_ENABLE_OBJC_ARC = YES;
				CLANG_ENABLE_OBJC_WEAK = YES;
				CLANG_WARN_BLOCK_CAPTURE_AUTORELEASING = YES;
				CLANG_WARN_BOOL_CONVERSION = YES;
				CLANG_WARN_COMMA = YES;
				CLANG_WARN_CONSTANT_CONVERSION = YES;
				CLANG_WARN_DEPRECATED_OBJC_IMPLEMENTATIONS = YES;
				CLANG_WARN_DIRECT_OBJC_ISA_USAGE = YES_ERROR;
				CLANG_WARN_DOCUMENTATION_COMMENTS = YES;
				CLANG_WARN_EMPTY_BODY = YES;
				CLANG_WARN_ENUM_CONVERSION = YES;
				CLANG_WARN_INFINITE_RECURSION = YES;
				CLANG_WARN_INT_CONVERSION = YES;
				CLANG_WARN_NON_LITERAL_NULL_CONVERSION = YES;
				CLANG_WARN_OBJC_IMPLICIT_RETAIN_SELF = YES;
				CLANG_WARN_OBJC_LITERAL_CONVERSION = YES;
				CLANG_WARN_OBJC_ROOT_CLASS = YES_ERROR;
				CLANG_WARN_RANGE_LOOP_ANALYSIS = YES;
				CLANG_WARN_STRICT_PROTOTYPES = YES;
				CLANG_WARN_SUSPICIOUS_MOVE = YES;
				CLANG_WARN_UNGUARDED_AVAILABILITY = YES_AGGRESSIVE;
				CLANG_WARN_UNREACHABLE_CODE = YES;
				CLANG_WARN__DUPLICATE_METHOD_MATCH = YES;
				CODE_SIGN_IDENTITY = "iPhone Developer";
				COPY_PHASE_STRIP = NO;
				DEBUG_INFORMATION_FORMAT = "dwarf-with-dsym";
				ENABLE_NS_ASSERTIONS = NO;
				ENABLE_STRICT_OBJC_MSGSEND = YES;
				GCC_C_LANGUAGE_STANDARD = gnu11;
				GCC_NO_COMMON_BLOCKS = YES;
				GCC_WARN_64_TO_32_BIT_CONVERSION = YES;
				GCC_WARN_ABOUT_RETURN_TYPE = YES_ERROR;
				GCC_WARN_UNDECLARED_SELECTOR = YES;
				GCC_WARN_UNINITIALIZED_AUTOS = YES_AGGRESSIVE;
				GCC_WARN_UNUSED_FUNCTION = YES;
				GCC_WARN_UNUSED_VARIABLE = YES;
				IPHONEOS_DEPLOYMENT_TARGET = 11.3;
				MTL_ENABLE_DEBUG_INFO = NO;
				SDKROOT = iphoneos;
				SWIFT_COMPILATION_MODE = wholemodule;
				SWIFT_OPTIMIZATION_LEVEL = "-O";
				VALIDATE_PRODUCT = YES;
			};
			name = Release;
		};
		EC8F0A6B20B31D2E0042E486 /* Debug */ = {
			isa = XCBuildConfiguration;
			baseConfigurationReference = FE5BC21D9ACEF9E9CD9BD2A3 /* Pods-SameDay.debug.xcconfig */;
			buildSettings = {
				ASSETCATALOG_COMPILER_APPICON_NAME = AppIcon;
				CODE_SIGN_STYLE = Automatic;
				DEVELOPMENT_TEAM = 92H4P6C5WB;
				FRAMEWORK_SEARCH_PATHS = (
					"$(inherited)",
					"$(PROJECT_DIR)/Carthage/Build/iOS",
				);
				INFOPLIST_FILE = SameDay/Info.plist;
				LD_RUNPATH_SEARCH_PATHS = (
					"$(inherited)",
					"@executable_path/Frameworks",
				);
				PRODUCT_BUNDLE_IDENTIFIER = com.appjester.SameDay;
				PRODUCT_NAME = "$(TARGET_NAME)";
				SWIFT_VERSION = 4.0;
				TARGETED_DEVICE_FAMILY = "1,2";
			};
			name = Debug;
		};
		EC8F0A6C20B31D2E0042E486 /* Release */ = {
			isa = XCBuildConfiguration;
			baseConfigurationReference = 8C4514DAA56C1F232177ECA4 /* Pods-SameDay.release.xcconfig */;
			buildSettings = {
				ASSETCATALOG_COMPILER_APPICON_NAME = AppIcon;
				CODE_SIGN_STYLE = Automatic;
				DEVELOPMENT_TEAM = 92H4P6C5WB;
				FRAMEWORK_SEARCH_PATHS = (
					"$(inherited)",
					"$(PROJECT_DIR)/Carthage/Build/iOS",
				);
				INFOPLIST_FILE = SameDay/Info.plist;
				LD_RUNPATH_SEARCH_PATHS = (
					"$(inherited)",
					"@executable_path/Frameworks",
				);
				PRODUCT_BUNDLE_IDENTIFIER = com.appjester.SameDay;
				PRODUCT_NAME = "$(TARGET_NAME)";
				SWIFT_VERSION = 4.0;
				TARGETED_DEVICE_FAMILY = "1,2";
			};
			name = Release;
		};
/* End XCBuildConfiguration section */

/* Begin XCConfigurationList section */
		EC8F0A5320B31D2D0042E486 /* Build configuration list for PBXProject "SameDay" */ = {
			isa = XCConfigurationList;
			buildConfigurations = (
				EC8F0A6820B31D2E0042E486 /* Debug */,
				EC8F0A6920B31D2E0042E486 /* Release */,
			);
			defaultConfigurationIsVisible = 0;
			defaultConfigurationName = Release;
		};
		EC8F0A6A20B31D2E0042E486 /* Build configuration list for PBXNativeTarget "SameDay" */ = {
			isa = XCConfigurationList;
			buildConfigurations = (
				EC8F0A6B20B31D2E0042E486 /* Debug */,
				EC8F0A6C20B31D2E0042E486 /* Release */,
			);
			defaultConfigurationIsVisible = 0;
			defaultConfigurationName = Release;
		};
/* End XCConfigurationList section */
	};
	rootObject = EC8F0A5020B31D2D0042E486 /* Project object */;
}
